
Microsoft Visual Studio Solution File, Format Version 12.00
# Visual Studio Version 16
VisualStudioVersion = 16.0.33927.289
MinimumVisualStudioVersion = 10.0.40219.1
Project("{FAE04EC0-301F-11D3-BF4B-00C04F79EFBC}") = "teszt", "teszt\teszt.csproj", "{F57ED2AD-20F3-4187-8A2C-0D65684B0FDB}"
EndProject
Global
	GlobalSection(SolutionConfigurationPlatforms) = preSolution
		Debug|Any CPU = Debug|Any CPU
		Release|Any CPU = Release|Any CPU
	EndGlobalSection
	GlobalSection(ProjectConfigurationPlatforms) = postSolution
		{F57ED2AD-20F3-4187-8A2C-0D65684B0FDB}.Debug|Any CPU.ActiveCfg = Debug|Any CPU
		{F57ED2AD-20F3-4187-8A2C-0D65684B0FDB}.Debug|Any CPU.Build.0 = Debug|Any CPU
		{F57ED2AD-20F3-4187-8A2C-0D65684B0FDB}.Release|Any CPU.ActiveCfg = Release|Any CPU
		{F57ED2AD-20F3-4187-8A2C-0D65684B0FDB}.Release|Any CPU.Build.0 = Release|Any CPU
	EndGlobalSection
	GlobalSection(SolutionProperties) = preSolution
		HideSolutionNode = FALSE
	EndGlobalSection
	GlobalSection(ExtensibilityGlobals) = postSolution
		SolutionGuid = {0FCCDEAE-3EC3-46D0-82B2-117644BED42E}
	EndGlobalSection
EndGlobal
